
Microsoft Visual Studio Solution File, Format Version 12.00
# Visual Studio Version 17
VisualStudioVersion = 17.6.33723.286
MinimumVisualStudioVersion = 10.0.40219.1
Project("{9A19103F-16F7-4668-BE54-9A1E7A4F7556}") = "Estoque.Domain", "Estoque.Domain\Estoque.Domain.csproj", "{43B008E5-C769-4A16-9177-7FB60D88C704}"
EndProject
Project("{9A19103F-16F7-4668-BE54-9A1E7A4F7556}") = "Estoque.Infra.Data", "Estoque.Infra.Data\Estoque.Infra.Data.csproj", "{EDE031FF-96C4-4B74-BAAA-BCA1CB9DE60D}"
EndProject
Project("{9A19103F-16F7-4668-BE54-9A1E7A4F7556}") = "Estoque.Application", "Estoque.Application\Estoque.Application.csproj", "{E43C5D04-B410-4C00-95F5-9D94A4906C9F}"
EndProject
Project("{9A19103F-16F7-4668-BE54-9A1E7A4F7556}") = "Estoque.Infra.IoC", "Estoque.Infra.IoC\Estoque.Infra.IoC.csproj", "{A6F2AECA-F7E1-4989-92B4-04938ED6E5DF}"
EndProject
Project("{9A19103F-16F7-4668-BE54-9A1E7A4F7556}") = "Estoque.MVC", "Estoque.MVC\Estoque.MVC.csproj", "{1CF5A55D-3D46-41C6-8FDC-62EB15B20A58}"
EndProject
Global
	GlobalSection(SolutionConfigurationPlatforms) = preSolution
		Debug|Any CPU = Debug|Any CPU
		Release|Any CPU = Release|Any CPU
	EndGlobalSection
	GlobalSection(ProjectConfigurationPlatforms) = postSolution
		{43B008E5-C769-4A16-9177-7FB60D88C704}.Debug|Any CPU.ActiveCfg = Debug|Any CPU
		{43B008E5-C769-4A16-9177-7FB60D88C704}.Debug|Any CPU.Build.0 = Debug|Any CPU
		{43B008E5-C769-4A16-9177-7FB60D88C704}.Release|Any CPU.ActiveCfg = Release|Any CPU
		{43B008E5-C769-4A16-9177-7FB60D88C704}.Release|Any CPU.Build.0 = Release|Any CPU
		{EDE031FF-96C4-4B74-BAAA-BCA1CB9DE60D}.Debug|Any CPU.ActiveCfg = Debug|Any CPU
		{EDE031FF-96C4-4B74-BAAA-BCA1CB9DE60D}.Debug|Any CPU.Build.0 = Debug|Any CPU
		{EDE031FF-96C4-4B74-BAAA-BCA1CB9DE60D}.Release|Any CPU.ActiveCfg = Release|Any CPU
		{EDE031FF-96C4-4B74-BAAA-BCA1CB9DE60D}.Release|Any CPU.Build.0 = Release|Any CPU
		{E43C5D04-B410-4C00-95F5-9D94A4906C9F}.Debug|Any CPU.ActiveCfg = Debug|Any CPU
		{E43C5D04-B410-4C00-95F5-9D94A4906C9F}.Debug|Any CPU.Build.0 = Debug|Any CPU
		{E43C5D04-B410-4C00-95F5-9D94A4906C9F}.Release|Any CPU.ActiveCfg = Release|Any CPU
		{E43C5D04-B410-4C00-95F5-9D94A4906C9F}.Release|Any CPU.Build.0 = Release|Any CPU
		{A6F2AECA-F7E1-4989-92B4-04938ED6E5DF}.Debug|Any CPU.ActiveCfg = Debug|Any CPU
		{A6F2AECA-F7E1-4989-92B4-04938ED6E5DF}.Debug|Any CPU.Build.0 = Debug|Any CPU
		{A6F2AECA-F7E1-4989-92B4-04938ED6E5DF}.Release|Any CPU.ActiveCfg = Release|Any CPU
		{A6F2AECA-F7E1-4989-92B4-04938ED6E5DF}.Release|Any CPU.Build.0 = Release|Any CPU
		{1CF5A55D-3D46-41C6-8FDC-62EB15B20A58}.Debug|Any CPU.ActiveCfg = Debug|Any CPU
		{1CF5A55D-3D46-41C6-8FDC-62EB15B20A58}.Debug|Any CPU.Build.0 = Debug|Any CPU
		{1CF5A55D-3D46-41C6-8FDC-62EB15B20A58}.Release|Any CPU.ActiveCfg = Release|Any CPU
		{1CF5A55D-3D46-41C6-8FDC-62EB15B20A58}.Release|Any CPU.Build.0 = Release|Any CPU
	EndGlobalSection
	GlobalSection(SolutionProperties) = preSolution
		HideSolutionNode = FALSE
	EndGlobalSection
	GlobalSection(ExtensibilityGlobals) = postSolution
		SolutionGuid = {92335C0C-6227-4AE9-9387-D24B7552B064}
	EndGlobalSection
EndGlobal
